
Microsoft Visual Studio Solution File, Format Version 12.00
# Visual Studio Version 17
VisualStudioVersion = 17.12.35527.113
MinimumVisualStudioVersion = 10.0.40219.1
Project("{2150E333-8FDC-42A3-9474-1A3956D46DE8}") = "Services", "Services", "{E7EF357F-FDF5-4304-9BB7-093FBD053B1D}"
EndProject
Project("{2150E333-8FDC-42A3-9474-1A3956D46DE8}") = "Catalog", "Catalog", "{DD7478AF-E2A9-4142-B0D0-EFB7F45B761E}"
EndProject
Project("{FAE04EC0-301F-11D3-BF4B-00C04F79EFBC}") = "Catalog.API", "Services\Catalog\Catalog.API\Catalog.API.csproj", "{938F95B5-35DC-45D6-BA43-EB6B7B57BF20}"
EndProject
Project("{2150E333-8FDC-42A3-9474-1A3956D46DE8}") = "BuildingBlocks", "BuildingBlocks", "{81F664A7-CC03-4B24-819F-40F4E9671C38}"
EndProject
Project("{FAE04EC0-301F-11D3-BF4B-00C04F79EFBC}") = "BuildingBlocks", "BuildingBlocks\BuildingBlocks\BuildingBlocks.csproj", "{6F6EECAB-4542-4090-B665-20B70446AF4C}"
EndProject
Project("{E53339B2-1760-4266-BCC7-CA923CBCF16C}") = "docker-compose", "docker-compose.dcproj", "{0DA6E78F-79E8-4C7E-BA69-D5FC78DB9807}"
EndProject
Global
	GlobalSection(SolutionConfigurationPlatforms) = preSolution
		Debug|Any CPU = Debug|Any CPU
		Release|Any CPU = Release|Any CPU
	EndGlobalSection
	GlobalSection(ProjectConfigurationPlatforms) = postSolution
		{938F95B5-35DC-45D6-BA43-EB6B7B57BF20}.Debug|Any CPU.ActiveCfg = Debug|Any CPU
		{938F95B5-35DC-45D6-BA43-EB6B7B57BF20}.Debug|Any CPU.Build.0 = Debug|Any CPU
		{938F95B5-35DC-45D6-BA43-EB6B7B57BF20}.Release|Any CPU.ActiveCfg = Release|Any CPU
		{938F95B5-35DC-45D6-BA43-EB6B7B57BF20}.Release|Any CPU.Build.0 = Release|Any CPU
		{6F6EECAB-4542-4090-B665-20B70446AF4C}.Debug|Any CPU.ActiveCfg = Debug|Any CPU
		{6F6EECAB-4542-4090-B665-20B70446AF4C}.Debug|Any CPU.Build.0 = Debug|Any CPU
		{6F6EECAB-4542-4090-B665-20B70446AF4C}.Release|Any CPU.ActiveCfg = Release|Any CPU
		{6F6EECAB-4542-4090-B665-20B70446AF4C}.Release|Any CPU.Build.0 = Release|Any CPU
		{0DA6E78F-79E8-4C7E-BA69-D5FC78DB9807}.Debug|Any CPU.ActiveCfg = Debug|Any CPU
		{0DA6E78F-79E8-4C7E-BA69-D5FC78DB9807}.Debug|Any CPU.Build.0 = Debug|Any CPU
		{0DA6E78F-79E8-4C7E-BA69-D5FC78DB9807}.Release|Any CPU.ActiveCfg = Release|Any CPU
		{0DA6E78F-79E8-4C7E-BA69-D5FC78DB9807}.Release|Any CPU.Build.0 = Release|Any CPU
	EndGlobalSection
	GlobalSection(SolutionProperties) = preSolution
		HideSolutionNode = FALSE
	EndGlobalSection
	GlobalSection(NestedProjects) = preSolution
		{DD7478AF-E2A9-4142-B0D0-EFB7F45B761E} = {E7EF357F-FDF5-4304-9BB7-093FBD053B1D}
		{938F95B5-35DC-45D6-BA43-EB6B7B57BF20} = {DD7478AF-E2A9-4142-B0D0-EFB7F45B761E}
		{6F6EECAB-4542-4090-B665-20B70446AF4C} = {81F664A7-CC03-4B24-819F-40F4E9671C38}
	EndGlobalSection
EndGlobal
